
Microsoft Visual Studio Solution File, Format Version 12.00
# Visual Studio Express 2012 for Web
Project("{FAE04EC0-301F-11D3-BF4B-00C04F79EFBC}") = "WebApp", "WebApplication1\WebApp.csproj", "{DAD45042-5C9A-47E3-9E68-576CCC6F08F1}"
EndProject
Project("{FAE04EC0-301F-11D3-BF4B-00C04F79EFBC}") = "SilverApp", "SilverlightApplication1\SilverApp.csproj", "{37842986-0878-482E-AAFD-99DFF9D8B6D6}"
EndProject
Global
	GlobalSection(SolutionConfigurationPlatforms) = preSolution
		Debug|Any CPU = Debug|Any CPU
		Release|Any CPU = Release|Any CPU
		Testing|Any CPU = Testing|Any CPU
	EndGlobalSection
	GlobalSection(ProjectConfigurationPlatforms) = postSolution
		{DAD45042-5C9A-47E3-9E68-576CCC6F08F1}.Debug|Any CPU.ActiveCfg = Debug|Any CPU
		{DAD45042-5C9A-47E3-9E68-576CCC6F08F1}.Debug|Any CPU.Build.0 = Debug|Any CPU
		{DAD45042-5C9A-47E3-9E68-576CCC6F08F1}.Release|Any CPU.ActiveCfg = Release|Any CPU
		{DAD45042-5C9A-47E3-9E68-576CCC6F08F1}.Release|Any CPU.Build.0 = Release|Any CPU
		{DAD45042-5C9A-47E3-9E68-576CCC6F08F1}.Testing|Any CPU.ActiveCfg = Testing|Any CPU
		{DAD45042-5C9A-47E3-9E68-576CCC6F08F1}.Testing|Any CPU.Build.0 = Testing|Any CPU
		{37842986-0878-482E-AAFD-99DFF9D8B6D6}.Debug|Any CPU.ActiveCfg = Debug|Any CPU
		{37842986-0878-482E-AAFD-99DFF9D8B6D6}.Debug|Any CPU.Build.0 = Debug|Any CPU
		{37842986-0878-482E-AAFD-99DFF9D8B6D6}.Release|Any CPU.ActiveCfg = Release|Any CPU
		{37842986-0878-482E-AAFD-99DFF9D8B6D6}.Release|Any CPU.Build.0 = Release|Any CPU
		{37842986-0878-482E-AAFD-99DFF9D8B6D6}.Testing|Any CPU.ActiveCfg = Testing|Any CPU
		{37842986-0878-482E-AAFD-99DFF9D8B6D6}.Testing|Any CPU.Build.0 = Testing|Any CPU
	EndGlobalSection
	GlobalSection(SolutionProperties) = preSolution
		HideSolutionNode = FALSE
	EndGlobalSection
EndGlobal
